
Microsoft Visual Studio Solution File, Format Version 12.00
Project("{FAE04EC0-301F-11D3-BF4B-00C04F79EFBC}") = "Estore", "Estore\Estore.csproj", "{79847220-D437-43F6-A958-EAD5C37F69B1}"
EndProject
Project("{FAE04EC0-301F-11D3-BF4B-00C04F79EFBC}") = "EstoreTests", "EstoreTests\EstoreTests.csproj", "{138675E9-40B7-4B1E-8C1F-D520EF2E7880}"
EndProject
Global
	GlobalSection(SolutionConfigurationPlatforms) = preSolution
		Debug|Any CPU = Debug|Any CPU
		Release|Any CPU = Release|Any CPU
	EndGlobalSection
	GlobalSection(ProjectConfigurationPlatforms) = postSolution
		{79847220-D437-43F6-A958-EAD5C37F69B1}.Debug|Any CPU.ActiveCfg = Debug|Any CPU
		{79847220-D437-43F6-A958-EAD5C37F69B1}.Debug|Any CPU.Build.0 = Debug|Any CPU
		{79847220-D437-43F6-A958-EAD5C37F69B1}.Release|Any CPU.ActiveCfg = Release|Any CPU
		{79847220-D437-43F6-A958-EAD5C37F69B1}.Release|Any CPU.Build.0 = Release|Any CPU
		{138675E9-40B7-4B1E-8C1F-D520EF2E7880}.Debug|Any CPU.ActiveCfg = Debug|Any CPU
		{138675E9-40B7-4B1E-8C1F-D520EF2E7880}.Debug|Any CPU.Build.0 = Debug|Any CPU
		{138675E9-40B7-4B1E-8C1F-D520EF2E7880}.Release|Any CPU.ActiveCfg = Release|Any CPU
		{138675E9-40B7-4B1E-8C1F-D520EF2E7880}.Release|Any CPU.Build.0 = Release|Any CPU
	EndGlobalSection
EndGlobal
